
Microsoft Visual Studio Solution File, Format Version 12.00
# Visual Studio Version 17
VisualStudioVersion = 17.0.31903.59
MinimumVisualStudioVersion = 10.0.40219.1
Project("{FAE04EC0-301F-11D3-BF4B-00C04F79EFBC}") = "classtask", "classtask\classtask.csproj", "{2889FC49-7110-4938-A08C-692CEF954E83}"
EndProject
Project("{FAE04EC0-301F-11D3-BF4B-00C04F79EFBC}") = "classtask2", "classtask2\classtask2.csproj", "{5A1C4B8E-DE1B-4D7D-A748-E20316E57D68}"
EndProject
Project("{FAE04EC0-301F-11D3-BF4B-00C04F79EFBC}") = "task1", "task1\task1.csproj", "{05AA7D72-3D01-4683-A315-3E7E53A67ABE}"
EndProject
Project("{FAE04EC0-301F-11D3-BF4B-00C04F79EFBC}") = "task2", "task2\task2.csproj", "{6073650A-1296-40CB-87E6-2FA5A3849AF9}"
EndProject
Project("{FAE04EC0-301F-11D3-BF4B-00C04F79EFBC}") = "task3", "task3\task3.csproj", "{67CDC49A-78F1-42DE-8A57-F0FAAF16FC5E}"
EndProject
Project("{FAE04EC0-301F-11D3-BF4B-00C04F79EFBC}") = "task4", "task4\task4.csproj", "{8FACCDE3-5CE5-4758-909E-0B9183E2F059}"
EndProject
Global
	GlobalSection(SolutionConfigurationPlatforms) = preSolution
		Debug|Any CPU = Debug|Any CPU
		Debug|x64 = Debug|x64
		Debug|x86 = Debug|x86
		Release|Any CPU = Release|Any CPU
		Release|x64 = Release|x64
		Release|x86 = Release|x86
	EndGlobalSection
	GlobalSection(ProjectConfigurationPlatforms) = postSolution
		{2889FC49-7110-4938-A08C-692CEF954E83}.Debug|Any CPU.ActiveCfg = Debug|Any CPU
		{2889FC49-7110-4938-A08C-692CEF954E83}.Debug|Any CPU.Build.0 = Debug|Any CPU
		{2889FC49-7110-4938-A08C-692CEF954E83}.Debug|x64.ActiveCfg = Debug|Any CPU
		{2889FC49-7110-4938-A08C-692CEF954E83}.Debug|x64.Build.0 = Debug|Any CPU
		{2889FC49-7110-4938-A08C-692CEF954E83}.Debug|x86.ActiveCfg = Debug|Any CPU
		{2889FC49-7110-4938-A08C-692CEF954E83}.Debug|x86.Build.0 = Debug|Any CPU
		{2889FC49-7110-4938-A08C-692CEF954E83}.Release|Any CPU.ActiveCfg = Release|Any CPU
		{2889FC49-7110-4938-A08C-692CEF954E83}.Release|Any CPU.Build.0 = Release|Any CPU
		{2889FC49-7110-4938-A08C-692CEF954E83}.Release|x64.ActiveCfg = Release|Any CPU
		{2889FC49-7110-4938-A08C-692CEF954E83}.Release|x64.Build.0 = Release|Any CPU
		{2889FC49-7110-4938-A08C-692CEF954E83}.Release|x86.ActiveCfg = Release|Any CPU
		{2889FC49-7110-4938-A08C-692CEF954E83}.Release|x86.Build.0 = Release|Any CPU
		{5A1C4B8E-DE1B-4D7D-A748-E20316E57D68}.Debug|Any CPU.ActiveCfg = Debug|Any CPU
		{5A1C4B8E-DE1B-4D7D-A748-E20316E57D68}.Debug|Any CPU.Build.0 = Debug|Any CPU
		{5A1C4B8E-DE1B-4D7D-A748-E20316E57D68}.Debug|x64.ActiveCfg = Debug|Any CPU
		{5A1C4B8E-DE1B-4D7D-A748-E20316E57D68}.Debug|x64.Build.0 = Debug|Any CPU
		{5A1C4B8E-DE1B-4D7D-A748-E20316E57D68}.Debug|x86.ActiveCfg = Debug|Any CPU
		{5A1C4B8E-DE1B-4D7D-A748-E20316E57D68}.Debug|x86.Build.0 = Debug|Any CPU
		{5A1C4B8E-DE1B-4D7D-A748-E20316E57D68}.Release|Any CPU.ActiveCfg = Release|Any CPU
		{5A1C4B8E-DE1B-4D7D-A748-E20316E57D68}.Release|Any CPU.Build.0 = Release|Any CPU
		{5A1C4B8E-DE1B-4D7D-A748-E20316E57D68}.Release|x64.ActiveCfg = Release|Any CPU
		{5A1C4B8E-DE1B-4D7D-A748-E20316E57D68}.Release|x64.Build.0 = Release|Any CPU
		{5A1C4B8E-DE1B-4D7D-A748-E20316E57D68}.Release|x86.ActiveCfg = Release|Any CPU
		{5A1C4B8E-DE1B-4D7D-A748-E20316E57D68}.Release|x86.Build.0 = Release|Any CPU
		{05AA7D72-3D01-4683-A315-3E7E53A67ABE}.Debug|Any CPU.ActiveCfg = Debug|Any CPU
		{05AA7D72-3D01-4683-A315-3E7E53A67ABE}.Debug|Any CPU.Build.0 = Debug|Any CPU
		{05AA7D72-3D01-4683-A315-3E7E53A67ABE}.Debug|x64.ActiveCfg = Debug|Any CPU
		{05AA7D72-3D01-4683-A315-3E7E53A67ABE}.Debug|x64.Build.0 = Debug|Any CPU
		{05AA7D72-3D01-4683-A315-3E7E53A67ABE}.Debug|x86.ActiveCfg = Debug|Any CPU
		{05AA7D72-3D01-4683-A315-3E7E53A67ABE}.Debug|x86.Build.0 = Debug|Any CPU
		{05AA7D72-3D01-4683-A315-3E7E53A67ABE}.Release|Any CPU.ActiveCfg = Release|Any CPU
		{05AA7D72-3D01-4683-A315-3E7E53A67ABE}.Release|Any CPU.Build.0 = Release|Any CPU
		{05AA7D72-3D01-4683-A315-3E7E53A67ABE}.Release|x64.ActiveCfg = Release|Any CPU
		{05AA7D72-3D01-4683-A315-3E7E53A67ABE}.Release|x64.Build.0 = Release|Any CPU
		{05AA7D72-3D01-4683-A315-3E7E53A67ABE}.Release|x86.ActiveCfg = Release|Any CPU
		{05AA7D72-3D01-4683-A315-3E7E53A67ABE}.Release|x86.Build.0 = Release|Any CPU
		{6073650A-1296-40CB-87E6-2FA5A3849AF9}.Debug|Any CPU.ActiveCfg = Debug|Any CPU
		{6073650A-1296-40CB-87E6-2FA5A3849AF9}.Debug|Any CPU.Build.0 = Debug|Any CPU
		{6073650A-1296-40CB-87E6-2FA5A3849AF9}.Debug|x64.ActiveCfg = Debug|Any CPU
		{6073650A-1296-40CB-87E6-2FA5A3849AF9}.Debug|x64.Build.0 = Debug|Any CPU
		{6073650A-1296-40CB-87E6-2FA5A3849AF9}.Debug|x86.ActiveCfg = Debug|Any CPU
		{6073650A-1296-40CB-87E6-2FA5A3849AF9}.Debug|x86.Build.0 = Debug|Any CPU
		{6073650A-1296-40CB-87E6-2FA5A3849AF9}.Release|Any CPU.ActiveCfg = Release|Any CPU
		{6073650A-1296-40CB-87E6-2FA5A3849AF9}.Release|Any CPU.Build.0 = Release|Any CPU
		{6073650A-1296-40CB-87E6-2FA5A3849AF9}.Release|x64.ActiveCfg = Release|Any CPU
		{6073650A-1296-40CB-87E6-2FA5A3849AF9}.Release|x64.Build.0 = Release|Any CPU
		{6073650A-1296-40CB-87E6-2FA5A3849AF9}.Release|x86.ActiveCfg = Release|Any CPU
		{6073650A-1296-40CB-87E6-2FA5A3849AF9}.Release|x86.Build.0 = Release|Any CPU
		{67CDC49A-78F1-42DE-8A57-F0FAAF16FC5E}.Debug|Any CPU.ActiveCfg = Debug|Any CPU
		{67CDC49A-78F1-42DE-8A57-F0FAAF16FC5E}.Debug|Any CPU.Build.0 = Debug|Any CPU
		{67CDC49A-78F1-42DE-8A57-F0FAAF16FC5E}.Debug|x64.ActiveCfg = Debug|Any CPU
		{67CDC49A-78F1-42DE-8A57-F0FAAF16FC5E}.Debug|x64.Build.0 = Debug|Any CPU
		{67CDC49A-78F1-42DE-8A57-F0FAAF16FC5E}.Debug|x86.ActiveCfg = Debug|Any CPU
		{67CDC49A-78F1-42DE-8A57-F0FAAF16FC5E}.Debug|x86.Build.0 = Debug|Any CPU
		{67CDC49A-78F1-42DE-8A57-F0FAAF16FC5E}.Release|Any CPU.ActiveCfg = Release|Any CPU
		{67CDC49A-78F1-42DE-8A57-F0FAAF16FC5E}.Release|Any CPU.Build.0 = Release|Any CPU
		{67CDC49A-78F1-42DE-8A57-F0FAAF16FC5E}.Release|x64.ActiveCfg = Release|Any CPU
		{67CDC49A-78F1-42DE-8A57-F0FAAF16FC5E}.Release|x64.Build.0 = Release|Any CPU
		{67CDC49A-78F1-42DE-8A57-F0FAAF16FC5E}.Release|x86.ActiveCfg = Release|Any CPU
		{67CDC49A-78F1-42DE-8A57-F0FAAF16FC5E}.Release|x86.Build.0 = Release|Any CPU
		{8FACCDE3-5CE5-4758-909E-0B9183E2F059}.Debug|Any CPU.ActiveCfg = Debug|Any CPU
		{8FACCDE3-5CE5-4758-909E-0B9183E2F059}.Debug|Any CPU.Build.0 = Debug|Any CPU
		{8FACCDE3-5CE5-4758-909E-0B9183E2F059}.Debug|x64.ActiveCfg = Debug|Any CPU
		{8FACCDE3-5CE5-4758-909E-0B9183E2F059}.Debug|x64.Build.0 = Debug|Any CPU
		{8FACCDE3-5CE5-4758-909E-0B9183E2F059}.Debug|x86.ActiveCfg = Debug|Any CPU
		{8FACCDE3-5CE5-4758-909E-0B9183E2F059}.Debug|x86.Build.0 = Debug|Any CPU
		{8FACCDE3-5CE5-4758-909E-0B9183E2F059}.Release|Any CPU.ActiveCfg = Release|Any CPU
		{8FACCDE3-5CE5-4758-909E-0B9183E2F059}.Release|Any CPU.Build.0 = Release|Any CPU
		{8FACCDE3-5CE5-4758-909E-0B9183E2F059}.Release|x64.ActiveCfg = Release|Any CPU
		{8FACCDE3-5CE5-4758-909E-0B9183E2F059}.Release|x64.Build.0 = Release|Any CPU
		{8FACCDE3-5CE5-4758-909E-0B9183E2F059}.Release|x86.ActiveCfg = Release|Any CPU
		{8FACCDE3-5CE5-4758-909E-0B9183E2F059}.Release|x86.Build.0 = Release|Any CPU
	EndGlobalSection
	GlobalSection(SolutionProperties) = preSolution
		HideSolutionNode = FALSE
	EndGlobalSection
EndGlobal
